# This file is automatically @generated by Cargo.
# It is not intended for manual editing.
version = 3

[[package]]
name = "fc-info-rs"
version = "0.1.0"
dependencies = [
 "ttf-parser",
]

[[package]]
name = "ttf-parser"
version = "0.24.0"
source = "registry+https://github.com/rust-lang/crates.io-index"
checksum = "8686b91785aff82828ed725225925b33b4fde44c4bb15876e5f7c832724c420a"
